
Microsoft Visual Studio Solution File, Format Version 12.00
# Visual Studio 15
VisualStudioVersion = 15.0.28307.421
MinimumVisualStudioVersion = 10.0.40219.1
Project("{FAE04EC0-301F-11D3-BF4B-00C04F79EFBC}") = "MapApp.Android", "MapApp\MapApp.Android\MapApp.Android.csproj", "{E3541EC1-8A9A-4AB5-B0A2-5547E6749E8E}"
EndProject
Project("{FAE04EC0-301F-11D3-BF4B-00C04F79EFBC}") = "MapApp.iOS", "MapApp\MapApp.iOS\MapApp.iOS.csproj", "{CEB0711B-7872-4EEA-A045-E7B01B3DE81F}"
EndProject
Project("{FAE04EC0-301F-11D3-BF4B-00C04F79EFBC}") = "MapApp", "MapApp\MapApp\MapApp.csproj", "{61B07D29-3209-41D1-A378-1F3CB9F71E57}"
EndProject
Global
	GlobalSection(SolutionConfigurationPlatforms) = preSolution
		Ad-Hoc|Any CPU = Ad-Hoc|Any CPU
		Ad-Hoc|iPhone = Ad-Hoc|iPhone
		Ad-Hoc|iPhoneSimulator = Ad-Hoc|iPhoneSimulator
		AppStore|Any CPU = AppStore|Any CPU
		AppStore|iPhone = AppStore|iPhone
		AppStore|iPhoneSimulator = AppStore|iPhoneSimulator
		Debug|Any CPU = Debug|Any CPU
		Debug|iPhone = Debug|iPhone
		Debug|iPhoneSimulator = Debug|iPhoneSimulator
		Release|Any CPU = Release|Any CPU
		Release|iPhone = Release|iPhone
		Release|iPhoneSimulator = Release|iPhoneSimulator
	EndGlobalSection
	GlobalSection(ProjectConfigurationPlatforms) = postSolution
		{E3541EC1-8A9A-4AB5-B0A2-5547E6749E8E}.Ad-Hoc|Any CPU.ActiveCfg = Release|Any CPU
		{E3541EC1-8A9A-4AB5-B0A2-5547E6749E8E}.Ad-Hoc|Any CPU.Build.0 = Release|Any CPU
		{E3541EC1-8A9A-4AB5-B0A2-5547E6749E8E}.Ad-Hoc|Any CPU.Deploy.0 = Release|Any CPU
		{E3541EC1-8A9A-4AB5-B0A2-5547E6749E8E}.Ad-Hoc|iPhone.ActiveCfg = Release|Any CPU
		{E3541EC1-8A9A-4AB5-B0A2-5547E6749E8E}.Ad-Hoc|iPhone.Build.0 = Release|Any CPU
		{E3541EC1-8A9A-4AB5-B0A2-5547E6749E8E}.Ad-Hoc|iPhone.Deploy.0 = Release|Any CPU
		{E3541EC1-8A9A-4AB5-B0A2-5547E6749E8E}.Ad-Hoc|iPhoneSimulator.ActiveCfg = Release|Any CPU
		{E3541EC1-8A9A-4AB5-B0A2-5547E6749E8E}.Ad-Hoc|iPhoneSimulator.Build.0 = Release|Any CPU
		{E3541EC1-8A9A-4AB5-B0A2-5547E6749E8E}.Ad-Hoc|iPhoneSimulator.Deploy.0 = Release|Any CPU
		{E3541EC1-8A9A-4AB5-B0A2-5547E6749E8E}.AppStore|Any CPU.ActiveCfg = Release|Any CPU
		{E3541EC1-8A9A-4AB5-B0A2-5547E6749E8E}.AppStore|Any CPU.Build.0 = Release|Any CPU
		{E3541EC1-8A9A-4AB5-B0A2-5547E6749E8E}.AppStore|Any CPU.Deploy.0 = Release|Any CPU
		{E3541EC1-8A9A-4AB5-B0A2-5547E6749E8E}.AppStore|iPhone.ActiveCfg = Release|Any CPU
		{E3541EC1-8A9A-4AB5-B0A2-5547E6749E8E}.AppStore|iPhone.Build.0 = Release|Any CPU
		{E3541EC1-8A9A-4AB5-B0A2-5547E6749E8E}.AppStore|iPhone.Deploy.0 = Release|Any CPU
		{E3541EC1-8A9A-4AB5-B0A2-5547E6749E8E}.AppStore|iPhoneSimulator.ActiveCfg = Release|Any CPU
		{E3541EC1-8A9A-4AB5-B0A2-5547E6749E8E}.AppStore|iPhoneSimulator.Build.0 = Release|Any CPU
		{E3541EC1-8A9A-4AB5-B0A2-5547E6749E8E}.AppStore|iPhoneSimulator.Deploy.0 = Release|Any CPU
		{E3541EC1-8A9A-4AB5-B0A2-5547E6749E8E}.Debug|Any CPU.ActiveCfg = Debug|Any CPU
		{E3541EC1-8A9A-4AB5-B0A2-5547E6749E8E}.Debug|Any CPU.Build.0 = Debug|Any CPU
		{E3541EC1-8A9A-4AB5-B0A2-5547E6749E8E}.Debug|Any CPU.Deploy.0 = Debug|Any CPU
		{E3541EC1-8A9A-4AB5-B0A2-5547E6749E8E}.Debug|iPhone.ActiveCfg = Debug|Any CPU
		{E3541EC1-8A9A-4AB5-B0A2-5547E6749E8E}.Debug|iPhone.Build.0 = Debug|Any CPU
		{E3541EC1-8A9A-4AB5-B0A2-5547E6749E8E}.Debug|iPhone.Deploy.0 = Debug|Any CPU
		{E3541EC1-8A9A-4AB5-B0A2-5547E6749E8E}.Debug|iPhoneSimulator.ActiveCfg = Debug|Any CPU
		{E3541EC1-8A9A-4AB5-B0A2-5547E6749E8E}.Debug|iPhoneSimulator.Build.0 = Debug|Any CPU
		{E3541EC1-8A9A-4AB5-B0A2-5547E6749E8E}.Debug|iPhoneSimulator.Deploy.0 = Debug|Any CPU
		{E3541EC1-8A9A-4AB5-B0A2-5547E6749E8E}.Release|Any CPU.ActiveCfg = Release|Any CPU
		{E3541EC1-8A9A-4AB5-B0A2-5547E6749E8E}.Release|Any CPU.Build.0 = Release|Any CPU
		{E3541EC1-8A9A-4AB5-B0A2-5547E6749E8E}.Release|Any CPU.Deploy.0 = Release|Any CPU
		{E3541EC1-8A9A-4AB5-B0A2-5547E6749E8E}.Release|iPhone.ActiveCfg = Release|Any CPU
		{E3541EC1-8A9A-4AB5-B0A2-5547E6749E8E}.Release|iPhone.Build.0 = Release|Any CPU
		{E3541EC1-8A9A-4AB5-B0A2-5547E6749E8E}.Release|iPhone.Deploy.0 = Release|Any CPU
		{E3541EC1-8A9A-4AB5-B0A2-5547E6749E8E}.Release|iPhoneSimulator.ActiveCfg = Release|Any CPU
		{E3541EC1-8A9A-4AB5-B0A2-5547E6749E8E}.Release|iPhoneSimulator.Build.0 = Release|Any CPU
		{E3541EC1-8A9A-4AB5-B0A2-5547E6749E8E}.Release|iPhoneSimulator.Deploy.0 = Release|Any CPU
		{CEB0711B-7872-4EEA-A045-E7B01B3DE81F}.Ad-Hoc|Any CPU.ActiveCfg = Ad-Hoc|iPhone
		{CEB0711B-7872-4EEA-A045-E7B01B3DE81F}.Ad-Hoc|Any CPU.Build.0 = Ad-Hoc|iPhone
		{CEB0711B-7872-4EEA-A045-E7B01B3DE81F}.Ad-Hoc|Any CPU.Deploy.0 = Ad-Hoc|iPhone
		{CEB0711B-7872-4EEA-A045-E7B01B3DE81F}.Ad-Hoc|iPhone.ActiveCfg = Ad-Hoc|iPhone
		{CEB0711B-7872-4EEA-A045-E7B01B3DE81F}.Ad-Hoc|iPhone.Build.0 = Ad-Hoc|iPhone
		{CEB0711B-7872-4EEA-A045-E7B01B3DE81F}.Ad-Hoc|iPhone.Deploy.0 = Ad-Hoc|iPhone
		{CEB0711B-7872-4EEA-A045-E7B01B3DE81F}.Ad-Hoc|iPhoneSimulator.ActiveCfg = Ad-Hoc|iPhoneSimulator
		{CEB0711B-7872-4EEA-A045-E7B01B3DE81F}.Ad-Hoc|iPhoneSimulator.Build.0 = Ad-Hoc|iPhoneSimulator
		{CEB0711B-7872-4EEA-A045-E7B01B3DE81F}.Ad-Hoc|iPhoneSimulator.Deploy.0 = Ad-Hoc|iPhoneSimulator
		{CEB0711B-7872-4EEA-A045-E7B01B3DE81F}.AppStore|Any CPU.ActiveCfg = AppStore|iPhone
		{CEB0711B-7872-4EEA-A045-E7B01B3DE81F}.AppStore|Any CPU.Build.0 = AppStore|iPhone
		{CEB0711B-7872-4EEA-A045-E7B01B3DE81F}.AppStore|Any CPU.Deploy.0 = AppStore|iPhone
		{CEB0711B-7872-4EEA-A045-E7B01B3DE81F}.AppStore|iPhone.ActiveCfg = AppStore|iPhone
		{CEB0711B-7872-4EEA-A045-E7B01B3DE81F}.AppStore|iPhone.Build.0 = AppStore|iPhone
		{CEB0711B-7872-4EEA-A045-E7B01B3DE81F}.AppStore|iPhone.Deploy.0 = AppStore|iPhone
		{CEB0711B-7872-4EEA-A045-E7B01B3DE81F}.AppStore|iPhoneSimulator.ActiveCfg = AppStore|iPhoneSimulator
		{CEB0711B-7872-4EEA-A045-E7B01B3DE81F}.AppStore|iPhoneSimulator.Build.0 = AppStore|iPhoneSimulator
		{CEB0711B-7872-4EEA-A045-E7B01B3DE81F}.AppStore|iPhoneSimulator.Deploy.0 = AppStore|iPhoneSimulator
		{CEB0711B-7872-4EEA-A045-E7B01B3DE81F}.Debug|Any CPU.ActiveCfg = Debug|iPhoneSimulator
		{CEB0711B-7872-4EEA-A045-E7B01B3DE81F}.Debug|Any CPU.Build.0 = Debug|iPhoneSimulator
		{CEB0711B-7872-4EEA-A045-E7B01B3DE81F}.Debug|Any CPU.Deploy.0 = Debug|iPhoneSimulator
		{CEB0711B-7872-4EEA-A045-E7B01B3DE81F}.Debug|iPhone.ActiveCfg = Debug|iPhone
		{CEB0711B-7872-4EEA-A045-E7B01B3DE81F}.Debug|iPhone.Build.0 = Debug|iPhone
		{CEB0711B-7872-4EEA-A045-E7B01B3DE81F}.Debug|iPhone.Deploy.0 = Debug|iPhone
		{CEB0711B-7872-4EEA-A045-E7B01B3DE81F}.Debug|iPhoneSimulator.ActiveCfg = Debug|iPhoneSimulator
		{CEB0711B-7872-4EEA-A045-E7B01B3DE81F}.Debug|iPhoneSimulator.Build.0 = Debug|iPhoneSimulator
		{CEB0711B-7872-4EEA-A045-E7B01B3DE81F}.Debug|iPhoneSimulator.Deploy.0 = Debug|iPhoneSimulator
		{CEB0711B-7872-4EEA-A045-E7B01B3DE81F}.Release|Any CPU.ActiveCfg = Release|iPhone
		{CEB0711B-7872-4EEA-A045-E7B01B3DE81F}.Release|Any CPU.Build.0 = Release|iPhone
		{CEB0711B-7872-4EEA-A045-E7B01B3DE81F}.Release|Any CPU.Deploy.0 = Release|iPhone
		{CEB0711B-7872-4EEA-A045-E7B01B3DE81F}.Release|iPhone.ActiveCfg = Release|iPhone
		{CEB0711B-7872-4EEA-A045-E7B01B3DE81F}.Release|iPhone.Build.0 = Release|iPhone
		{CEB0711B-7872-4EEA-A045-E7B01B3DE81F}.Release|iPhone.Deploy.0 = Release|iPhone
		{CEB0711B-7872-4EEA-A045-E7B01B3DE81F}.Release|iPhoneSimulator.ActiveCfg = Release|iPhoneSimulator
		{CEB0711B-7872-4EEA-A045-E7B01B3DE81F}.Release|iPhoneSimulator.Build.0 = Release|iPhoneSimulator
		{CEB0711B-7872-4EEA-A045-E7B01B3DE81F}.Release|iPhoneSimulator.Deploy.0 = Release|iPhoneSimulator
		{61B07D29-3209-41D1-A378-1F3CB9F71E57}.Ad-Hoc|Any CPU.ActiveCfg = Debug|Any CPU
		{61B07D29-3209-41D1-A378-1F3CB9F71E57}.Ad-Hoc|Any CPU.Build.0 = Debug|Any CPU
		{61B07D29-3209-41D1-A378-1F3CB9F71E57}.Ad-Hoc|Any CPU.Deploy.0 = Debug|Any CPU
		{61B07D29-3209-41D1-A378-1F3CB9F71E57}.Ad-Hoc|iPhone.ActiveCfg = Debug|Any CPU
		{61B07D29-3209-41D1-A378-1F3CB9F71E57}.Ad-Hoc|iPhone.Build.0 = Debug|Any CPU
		{61B07D29-3209-41D1-A378-1F3CB9F71E57}.Ad-Hoc|iPhone.Deploy.0 = Debug|Any CPU
		{61B07D29-3209-41D1-A378-1F3CB9F71E57}.Ad-Hoc|iPhoneSimulator.ActiveCfg = Debug|Any CPU
		{61B07D29-3209-41D1-A378-1F3CB9F71E57}.Ad-Hoc|iPhoneSimulator.Build.0 = Debug|Any CPU
		{61B07D29-3209-41D1-A378-1F3CB9F71E57}.Ad-Hoc|iPhoneSimulator.Deploy.0 = Debug|Any CPU
		{61B07D29-3209-41D1-A378-1F3CB9F71E57}.AppStore|Any CPU.ActiveCfg = Debug|Any CPU
		{61B07D29-3209-41D1-A378-1F3CB9F71E57}.AppStore|Any CPU.Build.0 = Debug|Any CPU
		{61B07D29-3209-41D1-A378-1F3CB9F71E57}.AppStore|Any CPU.Deploy.0 = Debug|Any CPU
		{61B07D29-3209-41D1-A378-1F3CB9F71E57}.AppStore|iPhone.ActiveCfg = Debug|Any CPU
		{61B07D29-3209-41D1-A378-1F3CB9F71E57}.AppStore|iPhone.Build.0 = Debug|Any CPU
		{61B07D29-3209-41D1-A378-1F3CB9F71E57}.AppStore|iPhone.Deploy.0 = Debug|Any CPU
		{61B07D29-3209-41D1-A378-1F3CB9F71E57}.AppStore|iPhoneSimulator.ActiveCfg = Debug|Any CPU
		{61B07D29-3209-41D1-A378-1F3CB9F71E57}.AppStore|iPhoneSimulator.Build.0 = Debug|Any CPU
		{61B07D29-3209-41D1-A378-1F3CB9F71E57}.AppStore|iPhoneSimulator.Deploy.0 = Debug|Any CPU
		{61B07D29-3209-41D1-A378-1F3CB9F71E57}.Debug|Any CPU.ActiveCfg = Debug|Any CPU
		{61B07D29-3209-41D1-A378-1F3CB9F71E57}.Debug|Any CPU.Build.0 = Debug|Any CPU
		{61B07D29-3209-41D1-A378-1F3CB9F71E57}.Debug|Any CPU.Deploy.0 = Debug|Any CPU
		{61B07D29-3209-41D1-A378-1F3CB9F71E57}.Debug|iPhone.ActiveCfg = Debug|Any CPU
		{61B07D29-3209-41D1-A378-1F3CB9F71E57}.Debug|iPhone.Build.0 = Debug|Any CPU
		{61B07D29-3209-41D1-A378-1F3CB9F71E57}.Debug|iPhone.Deploy.0 = Debug|Any CPU
		{61B07D29-3209-41D1-A378-1F3CB9F71E57}.Debug|iPhoneSimulator.ActiveCfg = Debug|Any CPU
		{61B07D29-3209-41D1-A378-1F3CB9F71E57}.Debug|iPhoneSimulator.Build.0 = Debug|Any CPU
		{61B07D29-3209-41D1-A378-1F3CB9F71E57}.Debug|iPhoneSimulator.Deploy.0 = Debug|Any CPU
		{61B07D29-3209-41D1-A378-1F3CB9F71E57}.Release|Any CPU.ActiveCfg = Release|Any CPU
		{61B07D29-3209-41D1-A378-1F3CB9F71E57}.Release|Any CPU.Build.0 = Release|Any CPU
		{61B07D29-3209-41D1-A378-1F3CB9F71E57}.Release|Any CPU.Deploy.0 = Release|Any CPU
		{61B07D29-3209-41D1-A378-1F3CB9F71E57}.Release|iPhone.ActiveCfg = Release|Any CPU
		{61B07D29-3209-41D1-A378-1F3CB9F71E57}.Release|iPhone.Build.0 = Release|Any CPU
		{61B07D29-3209-41D1-A378-1F3CB9F71E57}.Release|iPhone.Deploy.0 = Release|Any CPU
		{61B07D29-3209-41D1-A378-1F3CB9F71E57}.Release|iPhoneSimulator.ActiveCfg = Release|Any CPU
		{61B07D29-3209-41D1-A378-1F3CB9F71E57}.Release|iPhoneSimulator.Build.0 = Release|Any CPU
		{61B07D29-3209-41D1-A378-1F3CB9F71E57}.Release|iPhoneSimulator.Deploy.0 = Release|Any CPU
	EndGlobalSection
	GlobalSection(SolutionProperties) = preSolution
		HideSolutionNode = FALSE
	EndGlobalSection
	GlobalSection(ExtensibilityGlobals) = postSolution
		SolutionGuid = {93CE7DAC-052F-4CFF-A257-69B4F13A3BDA}
	EndGlobalSection
EndGlobal
